
Microsoft Visual Studio Solution File, Format Version 12.00
# Visual Studio Version 17
VisualStudioVersion = 17.14.36327.8
MinimumVisualStudioVersion = 10.0.40219.1
Project("{FAE04EC0-301F-11D3-BF4B-00C04F79EFBC}") = "Innovation-Research-Norwegian-VAT-Integration", "Innovation-Research-Norwegian-VAT-Integration.csproj", "{EB8C2EC0-4C16-46AA-8CC0-0E77F32BB021}"
EndProject
Global
	GlobalSection(SolutionConfigurationPlatforms) = preSolution
		Debug|Any CPU = Debug|Any CPU
		Release|Any CPU = Release|Any CPU
	EndGlobalSection
	GlobalSection(ProjectConfigurationPlatforms) = postSolution
		{EB8C2EC0-4C16-46AA-8CC0-0E77F32BB021}.Debug|Any CPU.ActiveCfg = Debug|Any CPU
		{EB8C2EC0-4C16-46AA-8CC0-0E77F32BB021}.Debug|Any CPU.Build.0 = Debug|Any CPU
		{EB8C2EC0-4C16-46AA-8CC0-0E77F32BB021}.Release|Any CPU.ActiveCfg = Release|Any CPU
		{EB8C2EC0-4C16-46AA-8CC0-0E77F32BB021}.Release|Any CPU.Build.0 = Release|Any CPU
	EndGlobalSection
	GlobalSection(SolutionProperties) = preSolution
		HideSolutionNode = FALSE
	EndGlobalSection
	GlobalSection(ExtensibilityGlobals) = postSolution
		SolutionGuid = {F7EFEE21-1570-4EE9-9C62-DECF3CB00151}
	EndGlobalSection
EndGlobal
